
Microsoft Visual Studio Solution File, Format Version 12.00
# Visual Studio Version 16
VisualStudioVersion = 16.0.30709.132
MinimumVisualStudioVersion = 10.0.40219.1
Project("{9A19103F-16F7-4668-BE54-9A1E7A4F7556}") = "Api", "Api\Api.csproj", "{58C94B93-BECC-4F92-A790-37C2D911C38B}"
EndProject
Project("{9A19103F-16F7-4668-BE54-9A1E7A4F7556}") = "Dal", "Dal\Dal.csproj", "{4FEA2919-CE3F-497E-9E6E-ECA3D35089D0}"
EndProject
Project("{9A19103F-16F7-4668-BE54-9A1E7A4F7556}") = "Shared", "Shared\Shared.csproj", "{FC70D54F-1F90-4D1B-B87E-C0B1A0943890}"
EndProject
Project("{9A19103F-16F7-4668-BE54-9A1E7A4F7556}") = "Dal.Test", "Dal.Test\Dal.Test.csproj", "{D33DBA01-33E5-4AA7-90CB-B419CAC61274}"
EndProject
Project("{9A19103F-16F7-4668-BE54-9A1E7A4F7556}") = "BackendShared.Test", "BackendShared.Test\BackendShared.Test.csproj", "{AC77731B-CA17-42E0-A703-494C3CCE08C9}"
EndProject
Project("{9A19103F-16F7-4668-BE54-9A1E7A4F7556}") = "Backend_Shared", "Backend_Shared\Backend_Shared.csproj", "{E317A09C-A983-4F66-A879-CCB3108959AC}"
EndProject
Project("{9A19103F-16F7-4668-BE54-9A1E7A4F7556}") = "Api.Test", "Api.Test\Api.Test.csproj", "{44781A85-6620-4A35-A976-E0B8F47604F6}"
EndProject
Project("{9A19103F-16F7-4668-BE54-9A1E7A4F7556}") = "BlazorClient", "Client\BlazorClient.csproj", "{BB1AE4F5-1EAC-457A-9C76-E9A50F138148}"
EndProject
Project("{9A19103F-16F7-4668-BE54-9A1E7A4F7556}") = "BlazorClient.Tests", "Client.Tests\BlazorClient.Tests.csproj", "{93B57790-85C0-4AE2-9FCC-90C821C4F731}"
EndProject
Project("{2150E333-8FDC-42A3-9474-1A3956D46DE8}") = "Client", "Client", "{576CF7D3-A984-471F-BF47-94A51BCB58EE}"
EndProject
Project("{2150E333-8FDC-42A3-9474-1A3956D46DE8}") = "Backend", "Backend", "{6B5321FC-1B85-452F-95D1-073818B46F57}"
EndProject
Global
	GlobalSection(SolutionConfigurationPlatforms) = preSolution
		Debug|Any CPU = Debug|Any CPU
		Release|Any CPU = Release|Any CPU
	EndGlobalSection
	GlobalSection(ProjectConfigurationPlatforms) = postSolution
		{58C94B93-BECC-4F92-A790-37C2D911C38B}.Debug|Any CPU.ActiveCfg = Debug|Any CPU
		{58C94B93-BECC-4F92-A790-37C2D911C38B}.Debug|Any CPU.Build.0 = Debug|Any CPU
		{58C94B93-BECC-4F92-A790-37C2D911C38B}.Release|Any CPU.ActiveCfg = Release|Any CPU
		{58C94B93-BECC-4F92-A790-37C2D911C38B}.Release|Any CPU.Build.0 = Release|Any CPU
		{4FEA2919-CE3F-497E-9E6E-ECA3D35089D0}.Debug|Any CPU.ActiveCfg = Debug|Any CPU
		{4FEA2919-CE3F-497E-9E6E-ECA3D35089D0}.Debug|Any CPU.Build.0 = Debug|Any CPU
		{4FEA2919-CE3F-497E-9E6E-ECA3D35089D0}.Release|Any CPU.ActiveCfg = Release|Any CPU
		{4FEA2919-CE3F-497E-9E6E-ECA3D35089D0}.Release|Any CPU.Build.0 = Release|Any CPU
		{FC70D54F-1F90-4D1B-B87E-C0B1A0943890}.Debug|Any CPU.ActiveCfg = Debug|Any CPU
		{FC70D54F-1F90-4D1B-B87E-C0B1A0943890}.Debug|Any CPU.Build.0 = Debug|Any CPU
		{FC70D54F-1F90-4D1B-B87E-C0B1A0943890}.Release|Any CPU.ActiveCfg = Release|Any CPU
		{FC70D54F-1F90-4D1B-B87E-C0B1A0943890}.Release|Any CPU.Build.0 = Release|Any CPU
		{D33DBA01-33E5-4AA7-90CB-B419CAC61274}.Debug|Any CPU.ActiveCfg = Debug|Any CPU
		{D33DBA01-33E5-4AA7-90CB-B419CAC61274}.Debug|Any CPU.Build.0 = Debug|Any CPU
		{D33DBA01-33E5-4AA7-90CB-B419CAC61274}.Release|Any CPU.ActiveCfg = Release|Any CPU
		{D33DBA01-33E5-4AA7-90CB-B419CAC61274}.Release|Any CPU.Build.0 = Release|Any CPU
		{AC77731B-CA17-42E0-A703-494C3CCE08C9}.Debug|Any CPU.ActiveCfg = Debug|Any CPU
		{AC77731B-CA17-42E0-A703-494C3CCE08C9}.Debug|Any CPU.Build.0 = Debug|Any CPU
		{AC77731B-CA17-42E0-A703-494C3CCE08C9}.Release|Any CPU.ActiveCfg = Release|Any CPU
		{AC77731B-CA17-42E0-A703-494C3CCE08C9}.Release|Any CPU.Build.0 = Release|Any CPU
		{E317A09C-A983-4F66-A879-CCB3108959AC}.Debug|Any CPU.ActiveCfg = Debug|Any CPU
		{E317A09C-A983-4F66-A879-CCB3108959AC}.Debug|Any CPU.Build.0 = Debug|Any CPU
		{E317A09C-A983-4F66-A879-CCB3108959AC}.Release|Any CPU.ActiveCfg = Release|Any CPU
		{E317A09C-A983-4F66-A879-CCB3108959AC}.Release|Any CPU.Build.0 = Release|Any CPU
		{44781A85-6620-4A35-A976-E0B8F47604F6}.Debug|Any CPU.ActiveCfg = Debug|Any CPU
		{44781A85-6620-4A35-A976-E0B8F47604F6}.Debug|Any CPU.Build.0 = Debug|Any CPU
		{44781A85-6620-4A35-A976-E0B8F47604F6}.Release|Any CPU.ActiveCfg = Release|Any CPU
		{44781A85-6620-4A35-A976-E0B8F47604F6}.Release|Any CPU.Build.0 = Release|Any CPU
		{BB1AE4F5-1EAC-457A-9C76-E9A50F138148}.Debug|Any CPU.ActiveCfg = Debug|Any CPU
		{BB1AE4F5-1EAC-457A-9C76-E9A50F138148}.Debug|Any CPU.Build.0 = Debug|Any CPU
		{BB1AE4F5-1EAC-457A-9C76-E9A50F138148}.Release|Any CPU.ActiveCfg = Release|Any CPU
		{BB1AE4F5-1EAC-457A-9C76-E9A50F138148}.Release|Any CPU.Build.0 = Release|Any CPU
		{93B57790-85C0-4AE2-9FCC-90C821C4F731}.Debug|Any CPU.ActiveCfg = Debug|Any CPU
		{93B57790-85C0-4AE2-9FCC-90C821C4F731}.Debug|Any CPU.Build.0 = Debug|Any CPU
		{93B57790-85C0-4AE2-9FCC-90C821C4F731}.Release|Any CPU.ActiveCfg = Release|Any CPU
		{93B57790-85C0-4AE2-9FCC-90C821C4F731}.Release|Any CPU.Build.0 = Release|Any CPU
	EndGlobalSection
	GlobalSection(SolutionProperties) = preSolution
		HideSolutionNode = FALSE
	EndGlobalSection
	GlobalSection(NestedProjects) = preSolution
		{58C94B93-BECC-4F92-A790-37C2D911C38B} = {6B5321FC-1B85-452F-95D1-073818B46F57}
		{4FEA2919-CE3F-497E-9E6E-ECA3D35089D0} = {6B5321FC-1B85-452F-95D1-073818B46F57}
		{D33DBA01-33E5-4AA7-90CB-B419CAC61274} = {6B5321FC-1B85-452F-95D1-073818B46F57}
		{AC77731B-CA17-42E0-A703-494C3CCE08C9} = {6B5321FC-1B85-452F-95D1-073818B46F57}
		{E317A09C-A983-4F66-A879-CCB3108959AC} = {6B5321FC-1B85-452F-95D1-073818B46F57}
		{44781A85-6620-4A35-A976-E0B8F47604F6} = {6B5321FC-1B85-452F-95D1-073818B46F57}
		{BB1AE4F5-1EAC-457A-9C76-E9A50F138148} = {576CF7D3-A984-471F-BF47-94A51BCB58EE}
		{93B57790-85C0-4AE2-9FCC-90C821C4F731} = {576CF7D3-A984-471F-BF47-94A51BCB58EE}
	EndGlobalSection
	GlobalSection(ExtensibilityGlobals) = postSolution
		SolutionGuid = {37B8C00B-325E-43F2-B93A-E05EDD57E6B6}
	EndGlobalSection
EndGlobal
